<Solution>
  <Folder Name="/Database/">
    <File Path="Database/01_Create_BikeStoreDB.sql" />
    <File Path="Database/02_Datos_Prueba.sql" />
    <File Path="Database/03_Consultas_Verificacion.sql" />
  </Folder>
  <Folder Name="/Elementos de la solución/">
    <File Path="Directory.Build.props" />
    <File Path="global.json" />
  </Folder>
  <Project Path="src/BikeStore.Api/BikeStore.Api.csproj" />
  <Project Path="src/BikeStore.Application/BikeStore.Application.csproj" />
  <Project Path="src/BikeStore.Domain/BikeStore.Domain.csproj" />
  <Project Path="src/BikeStore.Infrastructure/BikeStore.Infrastructure.csproj" />
  <Project Path="src/BikeStore.Web/BikeStore.Web.csproj" />
  <Project Path="tests/BikeStore.Application.Tests/BikeStore.Application.Tests.csproj" />
</Solution>
